
Microsoft Visual Studio Solution File, Format Version 12.00
# Visual Studio Version 17
VisualStudioVersion = 17.14.36310.24 d17.14
MinimumVisualStudioVersion = 10.0.40219.1
Project("{FAE04EC0-301F-11D3-BF4B-00C04F79EFBC}") = "Prescription_Management_API", "Prescription_Management_API\Prescription_Management_API.csproj", "{249A0B2F-5CF8-45E4-AA93-D7E4783F086F}"
EndProject
Global
	GlobalSection(SolutionConfigurationPlatforms) = preSolution
		Debug|Any CPU = Debug|Any CPU
		Release|Any CPU = Release|Any CPU
	EndGlobalSection
	GlobalSection(ProjectConfigurationPlatforms) = postSolution
		{249A0B2F-5CF8-45E4-AA93-D7E4783F086F}.Debug|Any CPU.ActiveCfg = Debug|Any CPU
		{249A0B2F-5CF8-45E4-AA93-D7E4783F086F}.Debug|Any CPU.Build.0 = Debug|Any CPU
		{249A0B2F-5CF8-45E4-AA93-D7E4783F086F}.Release|Any CPU.ActiveCfg = Release|Any CPU
		{249A0B2F-5CF8-45E4-AA93-D7E4783F086F}.Release|Any CPU.Build.0 = Release|Any CPU
	EndGlobalSection
	GlobalSection(SolutionProperties) = preSolution
		HideSolutionNode = FALSE
	EndGlobalSection
	GlobalSection(ExtensibilityGlobals) = postSolution
		SolutionGuid = {A6A84896-7DDA-4537-971F-9CEAFD6E8087}
	EndGlobalSection
EndGlobal
